// !$*UTF8*$!
{
	archiveVersion = 1;
	classes = {
	};
	objectVersion = 56;
	objects = {

/* Begin PBXBuildFile section */
		7768CDAD2A39DA6100B188F2 /* AppDelegate.swift in Sources */ = {isa = PBXBuildFile; fileRef = 7768CDAC2A39DA6100B188F2 /* AppDelegate.swift */; };
		7768CDAF2A39DA6100B188F2 /* SceneDelegate.swift in Sources */ = {isa = PBXBuildFile; fileRef = 7768CDAE2A39DA6100B188F2 /* SceneDelegate.swift */; };
		7768CDB12A39DA6100B188F2 /* ViewController.swift in Sources */ = {isa = PBXBuildFile; fileRef = 7768CDB02A39DA6100B188F2 /* ViewController.swift */; };
		7768CDB42A39DA6100B188F2 /* Main.storyboard in Resources */ = {isa = PBXBuildFile; fileRef = 7768CDB22A39DA6100B188F2 /* Main.storyboard */; };
		7768CDB72A39DA6100B188F2 /* AboutMe.xcdatamodeld in Sources */ = {isa = PBXBuildFile; fileRef = 7768CDB52A39DA6100B188F2 /* AboutMe.xcdatamodeld */; };
		7768CDB92A39DA6200B188F2 /* Assets.xcassets in Resources */ = {isa = PBXBuildFile; fileRef = 7768CDB82A39DA6200B188F2 /* Assets.xcassets */; };
		7768CDBC2A39DA6200B188F2 /* LaunchScreen.storyboard in Resources */ = {isa = PBXBuildFile; fileRef = 7768CDBA2A39DA6200B188F2 /* LaunchScreen.storyboard */; };
		7768CDC72A39DA6200B188F2 /* AboutMeTests.swift in Sources */ = {isa = PBXBuildFile; fileRef = 7768CDC62A39DA6200B188F2 /* AboutMeTests.swift */; };
		7768CDD12A39DA6200B188F2 /* AboutMeUITests.swift in Sources */ = {isa = PBXBuildFile; fileRef = 7768CDD02A39DA6200B188F2 /* AboutMeUITests.swift */; };
		7768CDD32A39DA6200B188F2 /* AboutMeUITestsLaunchTests.swift in Sources */ = {isa = PBXBuildFile; fileRef = 7768CDD22A39DA6200B188F2 /* AboutMeUITestsLaunchTests.swift */; };
/* End PBXBuildFile section */

/* Begin PBXContainerItemProxy section */
		7768CDC32A39DA6200B188F2 /* PBXContainerItemProxy */ = {
			isa = PBXContainerItemProxy;
			containerPortal = 7768CDA12A39DA6100B188F2 /* Project object */;
			proxyType = 1;
			remoteGlobalIDString = 7768CDA82A39DA6100B188F2;
			remoteInfo = AboutMe;
		};
		7768CDCD2A39DA6200B188F2 /* PBXContainerItemProxy */ = {
			isa = PBXContainerItemProxy;
			containerPortal = 7768CDA12A39DA6100B188F2 /* Project object */;
			proxyType = 1;
			remoteGlobalIDString = 7768CDA82A39DA6100B188F2;
			remoteInfo = AboutMe;
		};
/* End PBXContainerItemProxy section */

/* Begin PBXFileReference section */
		7768CDA92A39DA6100B188F2 /* AboutMe.app */ = {isa = PBXFileReference; explicitFileType = wrapper.application; includeInIndex = 0; path = AboutMe.app; sourceTree = BUILT_PRODUCTS_DIR; };
		7768CDAC2A39DA6100B188F2 /* AppDelegate.swift */ = {isa = PBXFileReference; lastKnownFileType = sourcecode.swift; path = AppDelegate.swift; sourceTree = "<group>"; };
		7768CDAE2A39DA6100B188F2 /* SceneDelegate.swift */ = {isa = PBXFileReference; lastKnownFileType = sourcecode.swift; path = SceneDelegate.swift; sourceTree = "<group>"; };
		7768CDB02A39DA6100B188F2 /* ViewController.swift */ = {isa = PBXFileReference; lastKnownFileType = sourcecode.swift; path = ViewController.swift; sourceTree = "<group>"; };
		7768CDB32A39DA6100B188F2 /* Base */ = {isa = PBXFileReference; lastKnownFileType = file.storyboard; name = Base; path = Base.lproj/Main.storyboard; sourceTree = "<group>"; };
		7768CDB62A39DA6100B188F2 /* AboutMe.xcdatamodel */ = {isa = PBXFileReference; lastKnownFileType = wrapper.xcdatamodel; path = AboutMe.xcdatamodel; sourceTree = "<group>"; };
		7768CDB82A39DA6200B188F2 /* Assets.xcassets */ = {isa = PBXFileReference; lastKnownFileType = folder.assetcatalog; path = Assets.xcassets; sourceTree = "<group>"; };
		7768CDBB2A39DA6200B188F2 /* Base */ = {isa = PBXFileReference; lastKnownFileType = file.storyboard; name = Base; path = Base.lproj/LaunchScreen.storyboard; sourceTree = "<group>"; };
		7768CDBD2A39DA6200B188F2 /* Info.plist */ = {isa = PBXFileReference; lastKnownFileType = text.plist.xml; path = Info.plist; sourceTree = "<group>"; };
		7768CDC22A39DA6200B188F2 /* AboutMeTests.xctest */ = {isa = PBXFileReference; explicitFileType = wrapper.cfbundle; includeInIndex = 0; path = AboutMeTests.xctest; sourceTree = BUILT_PRODUCTS_DIR; };
		7768CDC62A39DA6200B188F2 /* AboutMeTests.swift */ = {isa = PBXFileReference; lastKnownFileType = sourcecode.swift; path = AboutMeTests.swift; sourceTree = "<group>"; };
		7768CDCC2A39DA6200B188F2 /* AboutMeUITests.xctest */ = {isa = PBXFileReference; explicitFileType = wrapper.cfbundle; includeInIndex = 0; path = AboutMeUITests.xctest; sourceTree = BUILT_PRODUCTS_DIR; };
		7768CDD02A39DA6200B188F2 /* AboutMeUITests.swift */ = {isa = PBXFileReference; lastKnownFileType = sourcecode.swift; path = AboutMeUITests.swift; sourceTree = "<group>"; };
		7768CDD22A39DA6200B188F2 /* AboutMeUITestsLaunchTests.swift */ = {isa = PBXFileReference; lastKnownFileType = sourcecode.swift; path = AboutMeUITestsLaunchTests.swift; sourceTree = "<group>"; };
/* End PBXFileReference section */

/* Begin PBXFrameworksBuildPhase section */
		7768CDA62A39DA6100B188F2 /* Frameworks */ = {
			isa = PBXFrameworksBuildPhase;
			buildActionMask = 2147483647;
			files = (
			);
			runOnlyForDeploymentPostprocessing = 0;
		};
		7768CDBF2A39DA6200B188F2 /* Frameworks */ = {
			isa = PBXFrameworksBuildPhase;
			buildActionMask = 2147483647;
			files = (
			);
			runOnlyForDeploymentPostprocessing = 0;
		};
		7768CDC92A39DA6200B188F2 /* Frameworks */ = {
			isa = PBXFrameworksBuildPhase;
			buildActionMask = 2147483647;
			files = (
			);
			runOnlyForDeploymentPostprocessing = 0;
		};
/* End PBXFrameworksBuildPhase section */

/* Begin PBXGroup section */
		7768CDA02A39DA6100B188F2 = {
			isa = PBXGroup;
			children = (
				7768CDAB2A39DA6100B188F2 /* AboutMe */,
				7768CDC52A39DA6200B188F2 /* AboutMeTests */,
				7768CDCF2A39DA6200B188F2 /* AboutMeUITests */,
				7768CDAA2A39DA6100B188F2 /* Products */,
			);
			sourceTree = "<group>";
		};
		7768CDAA2A39DA6100B188F2 /* Products */ = {
			isa = PBXGroup;
			children = (
				7768CDA92A39DA6100B188F2 /* AboutMe.app */,
				7768CDC22A39DA6200B188F2 /* AboutMeTests.xctest */,
				7768CDCC2A39DA6200B188F2 /* AboutMeUITests.xctest */,
			);
			name = Products;
			sourceTree = "<group>";
		};
		7768CDAB2A39DA6100B188F2 /* AboutMe */ = {
			isa = PBXGroup;
			children = (
				7768CDAC2A39DA6100B188F2 /* AppDelegate.swift */,
				7768CDAE2A39DA6100B188F2 /* SceneDelegate.swift */,
				7768CDB02A39DA6100B188F2 /* ViewController.swift */,
				7768CDB22A39DA6100B188F2 /* Main.storyboard */,
				7768CDB82A39DA6200B188F2 /* Assets.xcassets */,
				7768CDBA2A39DA6200B188F2 /* LaunchScreen.storyboard */,
				7768CDBD2A39DA6200B188F2 /* Info.plist */,
				7768CDB52A39DA6100B188F2 /* AboutMe.xcdatamodeld */,
			);
			path = AboutMe;
			sourceTree = "<group>";
		};
		7768CDC52A39DA6200B188F2 /* AboutMeTests */ = {
			isa = PBXGroup;
			children = (
				7768CDC62A39DA6200B188F2 /* AboutMeTests.swift */,
			);
			path = AboutMeTests;
			sourceTree = "<group>";
		};
		7768CDCF2A39DA6200B188F2 /* AboutMeUITests */ = {
			isa = PBXGroup;
			children = (
				7768CDD02A39DA6200B188F2 /* AboutMeUITests.swift */,
				7768CDD22A39DA6200B188F2 /* AboutMeUITestsLaunchTests.swift */,
			);
			path = AboutMeUITests;
			sourceTree = "<group>";
		};
/* End PBXGroup section */

/* Begin PBXNativeTarget section */
		7768CDA82A39DA6100B188F2 /* AboutMe */ = {
			isa = PBXNativeTarget;
			buildConfigurationList = 7768CDD62A39DA6200B188F2 /* Build configuration list for PBXNativeTarget "AboutMe" */;
			buildPhases = (
				7768CDA52A39DA6100B188F2 /* Sources */,
				7768CDA62A39DA6100B188F2 /* Frameworks */,
				7768CDA72A39DA6100B188F2 /* Resources */,
			);
			buildRules = (
			);
			dependencies = (
			);
			name = AboutMe;
			productName = AboutMe;
			productReference = 7768CDA92A39DA6100B188F2 /* AboutMe.app */;
			productType = "com.apple.product-type.application";
		};
		7768CDC12A39DA6200B188F2 /* AboutMeTests */ = {
			isa = PBXNativeTarget;
			buildConfigurationList = 7768CDD92A39DA6200B188F2 /* Build configuration list for PBXNativeTarget "AboutMeTests" */;
			buildPhases = (
				7768CDBE2A39DA6200B188F2 /* Sources */,
				7768CDBF2A39DA6200B188F2 /* Frameworks */,
				7768CDC02A39DA6200B188F2 /* Resources */,
			);
			buildRules = (
			);
			dependencies = (
				7768CDC42A39DA6200B188F2 /* PBXTargetDependency */,
			);
			name = AboutMeTests;
			productName = AboutMeTests;
			productReference = 7768CDC22A39DA6200B188F2 /* AboutMeTests.xctest */;
			productType = "com.apple.product-type.bundle.unit-test";
		};
		7768CDCB2A39DA6200B188F2 /* AboutMeUITests */ = {
			isa = PBXNativeTarget;
			buildConfigurationList = 7768CDDC2A39DA6200B188F2 /* Build configuration list for PBXNativeTarget "AboutMeUITests" */;
			buildPhases = (
				7768CDC82A39DA6200B188F2 /* Sources */,
				7768CDC92A39DA6200B188F2 /* Frameworks */,
				7768CDCA2A39DA6200B188F2 /* Resources */,
			);
			buildRules = (
			);
			dependencies = (
				7768CDCE2A39DA6200B188F2 /* PBXTargetDependency */,
			);
			name = AboutMeUITests;
			productName = AboutMeUITests;
			productReference = 7768CDCC2A39DA6200B188F2 /* AboutMeUITests.xctest */;
			productType = "com.apple.product-type.bundle.ui-testing";
		};
/* End PBXNativeTarget section */

/* Begin PBXProject section */
		7768CDA12A39DA6100B188F2 /* Project object */ = {
			isa = PBXProject;
			attributes = {
				BuildIndependentTargetsInParallel = 1;
				LastSwiftUpdateCheck = 1430;
				LastUpgradeCheck = 1430;
				TargetAttributes = {
					7768CDA82A39DA6100B188F2 = {
						CreatedOnToolsVersion = 14.3.1;
					};
					7768CDC12A39DA6200B188F2 = {
						CreatedOnToolsVersion = 14.3.1;
						TestTargetID = 7768CDA82A39DA6100B188F2;
					};
					7768CDCB2A39DA6200B188F2 = {
						CreatedOnToolsVersion = 14.3.1;
						TestTargetID = 7768CDA82A39DA6100B188F2;
					};
				};
			};
			buildConfigurationList = 7768CDA42A39DA6100B188F2 /* Build configuration list for PBXProject "AboutMe" */;
			compatibilityVersion = "Xcode 14.0";
			developmentRegion = en;
			hasScannedForEncodings = 0;
			knownRegions = (
				en,
				Base,
			);
			mainGroup = 7768CDA02A39DA6100B188F2;
			productRefGroup = 7768CDAA2A39DA6100B188F2 /* Products */;
			projectDirPath = "";
			projectRoot = "";
			targets = (
				7768CDA82A39DA6100B188F2 /* AboutMe */,
				7768CDC12A39DA6200B188F2 /* AboutMeTests */,
				7768CDCB2A39DA6200B188F2 /* AboutMeUITests */,
			);
		};
/* End PBXProject section */

/* Begin PBXResourcesBuildPhase section */
		7768CDA72A39DA6100B188F2 /* Resources */ = {
			isa = PBXResourcesBuildPhase;
			buildActionMask = 2147483647;
			files = (
				7768CDBC2A39DA6200B188F2 /* LaunchScreen.storyboard in Resources */,
				7768CDB92A39DA6200B188F2 /* Assets.xcassets in Resources */,
				7768CDB42A39DA6100B188F2 /* Main.storyboard in Resources */,
			);
			runOnlyForDeploymentPostprocessing = 0;
		};
		7768CDC02A39DA6200B188F2 /* Resources */ = {
			isa = PBXResourcesBuildPhase;
			buildActionMask = 2147483647;
			files = (
			);
			runOnlyForDeploymentPostprocessing = 0;
		};
		7768CDCA2A39DA6200B188F2 /* Resources */ = {
			isa = PBXResourcesBuildPhase;
			buildActionMask = 2147483647;
			files = (
			);
			runOnlyForDeploymentPostprocessing = 0;
		};
/* End PBXResourcesBuildPhase section */

/* Begin PBXSourcesBuildPhase section */
		7768CDA52A39DA6100B188F2 /* Sources */ = {
			isa = PBXSourcesBuildPhase;
			buildActionMask = 2147483647;
			files = (
				7768CDB12A39DA6100B188F2 /* ViewController.swift in Sources */,
				7768CDB72A39DA6100B188F2 /* AboutMe.xcdatamodeld in Sources */,
				7768CDAD2A39DA6100B188F2 /* AppDelegate.swift in Sources */,
				7768CDAF2A39DA6100B188F2 /* SceneDelegate.swift in Sources */,
			);
			runOnlyForDeploymentPostprocessing = 0;
		};
		7768CDBE2A39DA6200B188F2 /* Sources */ = {
			isa = PBXSourcesBuildPhase;
			buildActionMask = 2147483647;
			files = (
				7768CDC72A39DA6200B188F2 /* AboutMeTests.swift in Sources */,
			);
			runOnlyForDeploymentPostprocessing = 0;
		};
		7768CDC82A39DA6200B188F2 /* Sources */ = {
			isa = PBXSourcesBuildPhase;
			buildActionMask = 2147483647;
			files = (
				7768CDD32A39DA6200B188F2 /* AboutMeUITestsLaunchTests.swift in Sources */,
				7768CDD12A39DA6200B188F2 /* AboutMeUITests.swift in Sources */,
			);
			runOnlyForDeploymentPostprocessing = 0;
		};
/* End PBXSourcesBuildPhase section */

/* Begin PBXTargetDependency section */
		7768CDC42A39DA6200B188F2 /* PBXTargetDependency */ = {
			isa = PBXTargetDependency;
			target = 7768CDA82A39DA6100B188F2 /* AboutMe */;
			targetProxy = 7768CDC32A39DA6200B188F2 /* PBXContainerItemProxy */;
		};
		7768CDCE2A39DA6200B188F2 /* PBXTargetDependency */ = {
			isa = PBXTargetDependency;
			target = 7768CDA82A39DA6100B188F2 /* AboutMe */;
			targetProxy = 7768CDCD2A39DA6200B188F2 /* PBXContainerItemProxy */;
		};
/* End PBXTargetDependency section */

/* Begin PBXVariantGroup section */
		7768CDB22A39DA6100B188F2 /* Main.storyboard */ = {
			isa = PBXVariantGroup;
			children = (
				7768CDB32A39DA6100B188F2 /* Base */,
			);
			name = Main.storyboard;
			sourceTree = "<group>";
		};
		7768CDBA2A39DA6200B188F2 /* LaunchScreen.storyboard */ = {
			isa = PBXVariantGroup;
			children = (
				7768CDBB2A39DA6200B188F2 /* Base */,
			);
			name = LaunchScreen.storyboard;
			sourceTree = "<group>";
		};
/* End PBXVariantGroup section */

/* Begin XCBuildConfiguration section */
		7768CDD42A39DA6200B188F2 /* Debug */ = {
			isa = XCBuildConfiguration;
			buildSettings = {
				ALWAYS_SEARCH_USER_PATHS = NO;
				CLANG_ANALYZER_NONNULL = YES;
				CLANG_ANALYZER_NUMBER_OBJECT_CONVERSION = YES_AGGRESSIVE;
				CLANG_CXX_LANGUAGE_STANDARD = "gnu++20";
				CLANG_ENABLE_MODULES = YES;
				CLANG_ENABLE_OBJC_ARC = YES;
				CLANG_ENABLE_OBJC_WEAK = YES;
				CLANG_WARN_BLOCK_CAPTURE_AUTORELEASING = YES;
				CLANG_WARN_BOOL_CONVERSION = YES;
				CLANG_WARN_COMMA = YES;
				CLANG_WARN_CONSTANT_CONVERSION = YES;
				CLANG_WARN_DEPRECATED_OBJC_IMPLEMENTATIONS = YES;
				CLANG_WARN_DIRECT_OBJC_ISA_USAGE = YES_ERROR;
				CLANG_WARN_DOCUMENTATION_COMMENTS = YES;
				CLANG_WARN_EMPTY_BODY = YES;
				CLANG_WARN_ENUM_CONVERSION = YES;
				CLANG_WARN_INFINITE_RECURSION = YES;
				CLANG_WARN_INT_CONVERSION = YES;
				CLANG_WARN_NON_LITERAL_NULL_CONVERSION = YES;
				CLANG_WARN_OBJC_IMPLICIT_RETAIN_SELF = YES;
				CLANG_WARN_OBJC_LITERAL_CONVERSION = YES;
				CLANG_WARN_OBJC_ROOT_CLASS = YES_ERROR;
				CLANG_WARN_QUOTED_INCLUDE_IN_FRAMEWORK_HEADER = YES;
				CLANG_WARN_RANGE_LOOP_ANALYSIS = YES;
				CLANG_WARN_STRICT_PROTOTYPES = YES;
				CLANG_WARN_SUSPICIOUS_MOVE = YES;
				CLANG_WARN_UNGUARDED_AVAILABILITY = YES_AGGRESSIVE;
				CLANG_WARN_UNREACHABLE_CODE = YES;
				CLANG_WARN__DUPLICATE_METHOD_MATCH = YES;
				COPY_PHASE_STRIP = NO;
				DEBUG_INFORMATION_FORMAT = dwarf;
				ENABLE_STRICT_OBJC_MSGSEND = YES;
				ENABLE_TESTABILITY = YES;
				GCC_C_LANGUAGE_STANDARD = gnu11;
				GCC_DYNAMIC_NO_PIC = NO;
				GCC_NO_COMMON_BLOCKS = YES;
				GCC_OPTIMIZATION_LEVEL = 0;
				GCC_PREPROCESSOR_DEFINITIONS = (
					"DEBUG=1",
					"$(inherited)",
				);
				GCC_WARN_64_TO_32_BIT_CONVERSION = YES;
				GCC_WARN_ABOUT_RETURN_TYPE = YES_ERROR;
				GCC_WARN_UNDECLARED_SELECTOR = YES;
				GCC_WARN_UNINITIALIZED_AUTOS = YES_AGGRESSIVE;
				GCC_WARN_UNUSED_FUNCTION = YES;
				GCC_WARN_UNUSED_VARIABLE = YES;
				IPHONEOS_DEPLOYMENT_TARGET = 16.4;
				MTL_ENABLE_DEBUG_INFO = INCLUDE_SOURCE;
				MTL_FAST_MATH = YES;
				ONLY_ACTIVE_ARCH = YES;
				SDKROOT = iphoneos;
				SWIFT_ACTIVE_COMPILATION_CONDITIONS = DEBUG;
				SWIFT_OPTIMIZATION_LEVEL = "-Onone";
			};
			name = Debug;
		};
		7768CDD52A39DA6200B188F2 /* Release */ = {
			isa = XCBuildConfiguration;
			buildSettings = {
				ALWAYS_SEARCH_USER_PATHS = NO;
				CLANG_ANALYZER_NONNULL = YES;
				CLANG_ANALYZER_NUMBER_OBJECT_CONVERSION = YES_AGGRESSIVE;
				CLANG_CXX_LANGUAGE_STANDARD = "gnu++20";
				CLANG_ENABLE_MODULES = YES;
				CLANG_ENABLE_OBJC_ARC = YES;
				CLANG_ENABLE_OBJC_WEAK = YES;
				CLANG_WARN_BLOCK_CAPTURE_AUTORELEASING = YES;
				CLANG_WARN_BOOL_CONVERSION = YES;
				CLANG_WARN_COMMA = YES;
				CLANG_WARN_CONSTANT_CONVERSION = YES;
				CLANG_WARN_DEPRECATED_OBJC_IMPLEMENTATIONS = YES;
				CLANG_WARN_DIRECT_OBJC_ISA_USAGE = YES_ERROR;
				CLANG_WARN_DOCUMENTATION_COMMENTS = YES;
				CLANG_WARN_EMPTY_BODY = YES;
				CLANG_WARN_ENUM_CONVERSION = YES;
				CLANG_WARN_INFINITE_RECURSION = YES;
				CLANG_WARN_INT_CONVERSION = YES;
				CLANG_WARN_NON_LITERAL_NULL_CONVERSION = YES;
				CLANG_WARN_OBJC_IMPLICIT_RETAIN_SELF = YES;
				CLANG_WARN_OBJC_LITERAL_CONVERSION = YES;
				CLANG_WARN_OBJC_ROOT_CLASS = YES_ERROR;
				CLANG_WARN_QUOTED_INCLUDE_IN_FRAMEWORK_HEADER = YES;
				CLANG_WARN_RANGE_LOOP_ANALYSIS = YES;
				CLANG_WARN_STRICT_PROTOTYPES = YES;
				CLANG_WARN_SUSPICIOUS_MOVE = YES;
				CLANG_WARN_UNGUARDED_AVAILABILITY = YES_AGGRESSIVE;
				CLANG_WARN_UNREACHABLE_CODE = YES;
				CLANG_WARN__DUPLICATE_METHOD_MATCH = YES;
				COPY_PHASE_STRIP = NO;
				DEBUG_INFORMATION_FORMAT = "dwarf-with-dsym";
				ENABLE_NS_ASSERTIONS = NO;
				ENABLE_STRICT_OBJC_MSGSEND = YES;
				GCC_C_LANGUAGE_STANDARD = gnu11;
				GCC_NO_COMMON_BLOCKS = YES;
				GCC_WARN_64_TO_32_BIT_CONVERSION = YES;
				GCC_WARN_ABOUT_RETURN_TYPE = YES_ERROR;
				GCC_WARN_UNDECLARED_SELECTOR = YES;
				GCC_WARN_UNINITIALIZED_AUTOS = YES_AGGRESSIVE;
				GCC_WARN_UNUSED_FUNCTION = YES;
				GCC_WARN_UNUSED_VARIABLE = YES;
				IPHONEOS_DEPLOYMENT_TARGET = 16.4;
				MTL_ENABLE_DEBUG_INFO = NO;
				MTL_FAST_MATH = YES;
				SDKROOT = iphoneos;
				SWIFT_COMPILATION_MODE = wholemodule;
				SWIFT_OPTIMIZATION_LEVEL = "-O";
				VALIDATE_PRODUCT = YES;
			};
			name = Release;
		};
		7768CDD72A39DA6200B188F2 /* Debug */ = {
			isa = XCBuildConfiguration;
			buildSettings = {
				ASSETCATALOG_COMPILER_APPICON_NAME = AppIcon;
				ASSETCATALOG_COMPILER_GLOBAL_ACCENT_COLOR_NAME = AccentColor;
				CODE_SIGN_STYLE = Automatic;
				CURRENT_PROJECT_VERSION = 1;
				GENERATE_INFOPLIST_FILE = YES;
				INFOPLIST_FILE = AboutMe/Info.plist;
				INFOPLIST_KEY_UIApplicationSupportsIndirectInputEvents = YES;
				INFOPLIST_KEY_UILaunchStoryboardName = LaunchScreen;
				INFOPLIST_KEY_UIMainStoryboardFile = Main;
				INFOPLIST_KEY_UISupportedInterfaceOrientations_iPad = "UIInterfaceOrientationPortrait UIInterfaceOrientationPortraitUpsideDown UIInterfaceOrientationLandscapeLeft UIInterfaceOrientationLandscapeRight";
				INFOPLIST_KEY_UISupportedInterfaceOrientations_iPhone = "UIInterfaceOrientationPortrait UIInterfaceOrientationLandscapeLeft UIInterfaceOrientationLandscapeRight";
				LD_RUNPATH_SEARCH_PATHS = (
					"$(inherited)",
					"@executable_path/Frameworks",
				);
				MARKETING_VERSION = 1.0;
				PRODUCT_BUNDLE_IDENTIFIER = focus.AboutMe;
				PRODUCT_NAME = "$(TARGET_NAME)";
				SWIFT_EMIT_LOC_STRINGS = YES;
				SWIFT_VERSION = 5.0;
				TARGETED_DEVICE_FAMILY = "1,2";
			};
			name = Debug;
		};
		7768CDD82A39DA6200B188F2 /* Release */ = {
			isa = XCBuildConfiguration;
			buildSettings = {
				ASSETCATALOG_COMPILER_APPICON_NAME = AppIcon;
				ASSETCATALOG_COMPILER_GLOBAL_ACCENT_COLOR_NAME = AccentColor;
				CODE_SIGN_STYLE = Automatic;
				CURRENT_PROJECT_VERSION = 1;
				GENERATE_INFOPLIST_FILE = YES;
				INFOPLIST_FILE = AboutMe/Info.plist;
				INFOPLIST_KEY_UIApplicationSupportsIndirectInputEvents = YES;
				INFOPLIST_KEY_UILaunchStoryboardName = LaunchScreen;
				INFOPLIST_KEY_UIMainStoryboardFile = Main;
				INFOPLIST_KEY_UISupportedInterfaceOrientations_iPad = "UIInterfaceOrientationPortrait UIInterfaceOrientationPortraitUpsideDown UIInterfaceOrientationLandscapeLeft UIInterfaceOrientationLandscapeRight";
				INFOPLIST_KEY_UISupportedInterfaceOrientations_iPhone = "UIInterfaceOrientationPortrait UIInterfaceOrientationLandscapeLeft UIInterfaceOrientationLandscapeRight";
				LD_RUNPATH_SEARCH_PATHS = (
					"$(inherited)",
					"@executable_path/Frameworks",
				);
				MARKETING_VERSION = 1.0;
				PRODUCT_BUNDLE_IDENTIFIER = focus.AboutMe;
				PRODUCT_NAME = "$(TARGET_NAME)";
				SWIFT_EMIT_LOC_STRINGS = YES;
				SWIFT_VERSION = 5.0;
				TARGETED_DEVICE_FAMILY = "1,2";
			};
			name = Release;
		};
		7768CDDA2A39DA6200B188F2 /* Debug */ = {
			isa = XCBuildConfiguration;
			buildSettings = {
				ALWAYS_EMBED_SWIFT_STANDARD_LIBRARIES = YES;
				BUNDLE_LOADER = "$(TEST_HOST)";
				CODE_SIGN_STYLE = Automatic;
				CURRENT_PROJECT_VERSION = 1;
				GENERATE_INFOPLIST_FILE = YES;
				IPHONEOS_DEPLOYMENT_TARGET = 16.4;
				MARKETING_VERSION = 1.0;
				PRODUCT_BUNDLE_IDENTIFIER = focus.AboutMeTests;
				PRODUCT_NAME = "$(TARGET_NAME)";
				SWIFT_EMIT_LOC_STRINGS = NO;
				SWIFT_VERSION = 5.0;
				TARGETED_DEVICE_FAMILY = "1,2";
				TEST_HOST = "$(BUILT_PRODUCTS_DIR)/AboutMe.app/$(BUNDLE_EXECUTABLE_FOLDER_PATH)/AboutMe";
			};
			name = Debug;
		};
		7768CDDB2A39DA6200B188F2 /* Release */ = {
			isa = XCBuildConfiguration;
			buildSettings = {
				ALWAYS_EMBED_SWIFT_STANDARD_LIBRARIES = YES;
				BUNDLE_LOADER = "$(TEST_HOST)";
				CODE_SIGN_STYLE = Automatic;
				CURRENT_PROJECT_VERSION = 1;
				GENERATE_INFOPLIST_FILE = YES;
				IPHONEOS_DEPLOYMENT_TARGET = 16.4;
				MARKETING_VERSION = 1.0;
				PRODUCT_BUNDLE_IDENTIFIER = focus.AboutMeTests;
				PRODUCT_NAME = "$(TARGET_NAME)";
				SWIFT_EMIT_LOC_STRINGS = NO;
				SWIFT_VERSION = 5.0;
				TARGETED_DEVICE_FAMILY = "1,2";
				TEST_HOST = "$(BUILT_PRODUCTS_DIR)/AboutMe.app/$(BUNDLE_EXECUTABLE_FOLDER_PATH)/AboutMe";
			};
			name = Release;
		};
		7768CDDD2A39DA6200B188F2 /* Debug */ = {
			isa = XCBuildConfiguration;
			buildSettings = {
				ALWAYS_EMBED_SWIFT_STANDARD_LIBRARIES = YES;
				CODE_SIGN_STYLE = Automatic;
				CURRENT_PROJECT_VERSION = 1;
				GENERATE_INFOPLIST_FILE = YES;
				MARKETING_VERSION = 1.0;
				PRODUCT_BUNDLE_IDENTIFIER = focus.AboutMeUITests;
				PRODUCT_NAME = "$(TARGET_NAME)";
				SWIFT_EMIT_LOC_STRINGS = NO;
				SWIFT_VERSION = 5.0;
				TARGETED_DEVICE_FAMILY = "1,2";
				TEST_TARGET_NAME = AboutMe;
			};
			name = Debug;
		};
		7768CDDE2A39DA6200B188F2 /* Release */ = {
			isa = XCBuildConfiguration;
			buildSettings = {
				ALWAYS_EMBED_SWIFT_STANDARD_LIBRARIES = YES;
				CODE_SIGN_STYLE = Automatic;
				CURRENT_PROJECT_VERSION = 1;
				GENERATE_INFOPLIST_FILE = YES;
				MARKETING_VERSION = 1.0;
				PRODUCT_BUNDLE_IDENTIFIER = focus.AboutMeUITests;
				PRODUCT_NAME = "$(TARGET_NAME)";
				SWIFT_EMIT_LOC_STRINGS = NO;
				SWIFT_VERSION = 5.0;
				TARGETED_DEVICE_FAMILY = "1,2";
				TEST_TARGET_NAME = AboutMe;
			};
			name = Release;
		};
/* End XCBuildConfiguration section */

/* Begin XCConfigurationList section */
		7768CDA42A39DA6100B188F2 /* Build configuration list for PBXProject "AboutMe" */ = {
			isa = XCConfigurationList;
			buildConfigurations = (
				7768CDD42A39DA6200B188F2 /* Debug */,
				7768CDD52A39DA6200B188F2 /* Release */,
			);
			defaultConfigurationIsVisible = 0;
			defaultConfigurationName = Release;
		};
		7768CDD62A39DA6200B188F2 /* Build configuration list for PBXNativeTarget "AboutMe" */ = {
			isa = XCConfigurationList;
			buildConfigurations = (
				7768CDD72A39DA6200B188F2 /* Debug */,
				7768CDD82A39DA6200B188F2 /* Release */,
			);
			defaultConfigurationIsVisible = 0;
			defaultConfigurationName = Release;
		};
		7768CDD92A39DA6200B188F2 /* Build configuration list for PBXNativeTarget "AboutMeTests" */ = {
			isa = XCConfigurationList;
			buildConfigurations = (
				7768CDDA2A39DA6200B188F2 /* Debug */,
				7768CDDB2A39DA6200B188F2 /* Release */,
			);
			defaultConfigurationIsVisible = 0;
			defaultConfigurationName = Release;
		};
		7768CDDC2A39DA6200B188F2 /* Build configuration list for PBXNativeTarget "AboutMeUITests" */ = {
			isa = XCConfigurationList;
			buildConfigurations = (
				7768CDDD2A39DA6200B188F2 /* Debug */,
				7768CDDE2A39DA6200B188F2 /* Release */,
			);
			defaultConfigurationIsVisible = 0;
			defaultConfigurationName = Release;
		};
/* End XCConfigurationList section */

/* Begin XCVersionGroup section */
		7768CDB52A39DA6100B188F2 /* AboutMe.xcdatamodeld */ = {
			isa = XCVersionGroup;
			children = (
				7768CDB62A39DA6100B188F2 /* AboutMe.xcdatamodel */,
			);
			currentVersion = 7768CDB62A39DA6100B188F2 /* AboutMe.xcdatamodel */;
			path = AboutMe.xcdatamodeld;
			sourceTree = "<group>";
			versionGroupType = wrapper.xcdatamodel;
		};
/* End XCVersionGroup section */
	};
	rootObject = 7768CDA12A39DA6100B188F2 /* Project object */;
}
